{
  "name": "f4employee-app",
  "version": "0.1.0",
  "lockfileVersion": 1,
  "requires": true,
  "dependencies": {
    "@types/prop-types": {
      "version": "15.7.0",
      "resolved": "https://registry.npmjs.org/@types/prop-types/-/prop-types-15.7.0.tgz",
      "integrity": "sha512-eItQyV43bj4rR3JPV0Skpl1SncRCdziTEK9/v8VwXmV6d/qOUO8/EuWeHBbCZcsfSHfzI5UyMJLCSXtxxznyZg==",
      "dev": true
    },
    "@types/react-native": {
      "version": "0.57.40",
      "resolved": "https://registry.npmjs.org/@types/react-native/-/react-native-0.57.40.tgz",
      "integrity": "sha512-nCcF9gNYp/VeV5QBtHbn/VnXZG+T8EsMxZFx8qqZfBe1gxJUsldXgOXYd1kcrrYzUX0LqG/KipDBX++fB2qQ0g==",
      "dev": true,
      "requires": {
        "@types/prop-types": "15.7.0",
        "@types/react": "16.8.8"
      },
      "dependencies": {
        "@types/react": {
          "version": "16.8.8",
          "resolved": "https://registry.npmjs.org/@types/react/-/react-16.8.8.tgz",
          "integrity": "sha512-xwEvyet96u7WnB96kqY0yY7qxx/pEpU51QeACkKFtrgjjXITQn0oO1iwPEraXVgh10ZFPix7gs1R4OJXF7P5sg==",
          "dev": true,
          "requires": {
            "@types/prop-types": "15.7.0",
            "csstype": "2.6.3"
          }
        }
      }
    },
    "@types/styled-components": {
      "version": "4.1.12",
      "resolved": "https://registry.npmjs.org/@types/styled-components/-/styled-components-4.1.12.tgz",
      "integrity": "sha512-Du0bltHm5sWkDnXzYi6cMNhnSKWHQW6//at359DtRJNfjeG1SdtqQPX6jiVtrUkBJ1JsjxqT18DssYBLJ/fg/A==",
      "dev": true,
      "requires": {
        "@types/react": "16.8.8",
        "@types/react-native": "0.57.40",
        "csstype": "2.6.3"
      },
      "dependencies": {
        "@types/react": {
          "version": "16.8.8",
          "resolved": "https://registry.npmjs.org/@types/react/-/react-16.8.8.tgz",
          "integrity": "sha512-xwEvyet96u7WnB96kqY0yY7qxx/pEpU51QeACkKFtrgjjXITQn0oO1iwPEraXVgh10ZFPix7gs1R4OJXF7P5sg==",
          "dev": true,
          "requires": {
            "@types/prop-types": "15.7.0",
            "csstype": "2.6.3"
          }
        }
      }
    },
    "csstype": {
      "version": "2.6.3",
      "resolved": "https://registry.npmjs.org/csstype/-/csstype-2.6.3.tgz",
      "integrity": "sha512-rINUZXOkcBmoHWEyu7JdHu5JMzkGRoMX4ov9830WNgxf5UYxcBUO0QTKAqeJ5EZfSdlrcJYkC8WwfVW7JYi4yg==",
      "dev": true
    },
    "dayjs": {
      "version": "1.8.10",
      "resolved": "https://registry.npmjs.org/dayjs/-/dayjs-1.8.10.tgz",
      "integrity": "sha512-U+7kBBkJzPWww0vNeMkaBeJwnkivTACoajm+bTfwparjFcPI6/5JSQN40WVnX6yCsm20oGf1SkMkIIp4m/boAw=="
    }
  }
}
